
Microsoft Visual Studio Solution File, Format Version 12.00
# Visual Studio Version 16
VisualStudioVersion = 16.0.30320.27
MinimumVisualStudioVersion = 10.0.40219.1
Project("{FAE04EC0-301F-11D3-BF4B-00C04F79EFBC}") = "Welcome Page", "Welcome Page\Welcome Page.csproj", "{1332D194-F258-441C-89C0-F17985AC8446}"
EndProject
Global
	GlobalSection(SolutionConfigurationPlatforms) = preSolution
		Debug|Any CPU = Debug|Any CPU
		Release|Any CPU = Release|Any CPU
	EndGlobalSection
	GlobalSection(ProjectConfigurationPlatforms) = postSolution
		{1332D194-F258-441C-89C0-F17985AC8446}.Debug|Any CPU.ActiveCfg = Debug|Any CPU
		{1332D194-F258-441C-89C0-F17985AC8446}.Debug|Any CPU.Build.0 = Debug|Any CPU
		{1332D194-F258-441C-89C0-F17985AC8446}.Release|Any CPU.ActiveCfg = Release|Any CPU
		{1332D194-F258-441C-89C0-F17985AC8446}.Release|Any CPU.Build.0 = Release|Any CPU
	EndGlobalSection
	GlobalSection(SolutionProperties) = preSolution
		HideSolutionNode = FALSE
	EndGlobalSection
	GlobalSection(ExtensibilityGlobals) = postSolution
		SolutionGuid = {D8413423-9836-4141-A1B8-33ABEE9933BB}
	EndGlobalSection
EndGlobal
