
Microsoft Visual Studio Solution File, Format Version 12.00
# Visual Studio Version 16
VisualStudioVersion = 16.0.30320.27
MinimumVisualStudioVersion = 10.0.40219.1
Project("{FAE04EC0-301F-11D3-BF4B-00C04F79EFBC}") = "MathOperationAssignment", "MathOperationAssignment\MathOperationAssignment.csproj", "{287B0D36-3376-4922-9547-4E5853A7BA83}"
EndProject
Global
	GlobalSection(SolutionConfigurationPlatforms) = preSolution
		Debug|Any CPU = Debug|Any CPU
		Release|Any CPU = Release|Any CPU
	EndGlobalSection
	GlobalSection(ProjectConfigurationPlatforms) = postSolution
		{287B0D36-3376-4922-9547-4E5853A7BA83}.Debug|Any CPU.ActiveCfg = Debug|Any CPU
		{287B0D36-3376-4922-9547-4E5853A7BA83}.Debug|Any CPU.Build.0 = Debug|Any CPU
		{287B0D36-3376-4922-9547-4E5853A7BA83}.Release|Any CPU.ActiveCfg = Release|Any CPU
		{287B0D36-3376-4922-9547-4E5853A7BA83}.Release|Any CPU.Build.0 = Release|Any CPU
	EndGlobalSection
	GlobalSection(SolutionProperties) = preSolution
		HideSolutionNode = FALSE
	EndGlobalSection
	GlobalSection(ExtensibilityGlobals) = postSolution
		SolutionGuid = {F82216AC-C2F5-43A5-8D6F-ECE6017C49CC}
	EndGlobalSection
EndGlobal
